
Microsoft Visual Studio Solution File, Format Version 12.00
# Visual Studio Version 16
VisualStudioVersion = 16.0.32602.291
MinimumVisualStudioVersion = 10.0.40219.1
Project("{9A19103F-16F7-4668-BE54-9A1E7A4F7556}") = "Homework10", "Homework9\Homework10.csproj", "{47A9A97B-C047-4752-A863-F700844892AA}"
EndProject
Global
	GlobalSection(SolutionConfigurationPlatforms) = preSolution
		Debug|Any CPU = Debug|Any CPU
		Release|Any CPU = Release|Any CPU
	EndGlobalSection
	GlobalSection(ProjectConfigurationPlatforms) = postSolution
		{47A9A97B-C047-4752-A863-F700844892AA}.Debug|Any CPU.ActiveCfg = Debug|Any CPU
		{47A9A97B-C047-4752-A863-F700844892AA}.Debug|Any CPU.Build.0 = Debug|Any CPU
		{47A9A97B-C047-4752-A863-F700844892AA}.Release|Any CPU.ActiveCfg = Release|Any CPU
		{47A9A97B-C047-4752-A863-F700844892AA}.Release|Any CPU.Build.0 = Release|Any CPU
	EndGlobalSection
	GlobalSection(SolutionProperties) = preSolution
		HideSolutionNode = FALSE
	EndGlobalSection
	GlobalSection(ExtensibilityGlobals) = postSolution
		SolutionGuid = {55DCF8B4-CD21-4BFF-8DCD-11460158D26A}
	EndGlobalSection
EndGlobal
